
Microsoft Visual Studio Solution File, Format Version 12.00
Project("{FAE04EC0-301F-11D3-BF4B-00C04F79EFBC}") = "virtualni_metody", "virtualni_metody\virtualni_metody.csproj", "{DE3617DA-3E26-4CC9-B602-F2F5A5140E81}"
EndProject
Project("{FAE04EC0-301F-11D3-BF4B-00C04F79EFBC}") = "dependency_injection", "dependency_injection\dependency_injection.csproj", "{33DCEE49-2FBA-4FB9-9FDD-BDFB89985037}"
EndProject
Project("{FAE04EC0-301F-11D3-BF4B-00C04F79EFBC}") = "AP2TP_SP4", "AP2TP_SP4\AP2TP_SP4.csproj", "{6348205E-DC32-4961-BAEA-9D519BDF2681}"
EndProject
Project("{FAE04EC0-301F-11D3-BF4B-00C04F79EFBC}") = "static_a_singleton", "static_a_singleton\static_a_singleton.csproj", "{615D28A3-6E99-4059-BDD6-AE5A8140A8CF}"
EndProject
Project("{FAE04EC0-301F-11D3-BF4B-00C04F79EFBC}") = "APT2P_SP_4", "APT2P_SP_4\APT2P_SP_4.csproj", "{66837927-0BF4-48DD-9681-92708CDA7AB8}"
EndProject
Project("{FAE04EC0-301F-11D3-BF4B-00C04F79EFBC}") = "hero_and_dragon", "hero_and_dragon\hero_and_dragon.csproj", "{AE06EAFC-24BD-4BC2-B5A6-FBA742F510E1}"
EndProject
Project("{FAE04EC0-301F-11D3-BF4B-00C04F79EFBC}") = "hrdina_a_drak", "hrdina_a_drak\hrdina_a_drak.csproj", "{7CDD1253-56D3-4702-82B7-9A4E4B413850}"
EndProject
Project("{FAE04EC0-301F-11D3-BF4B-00C04F79EFBC}") = "Delegate", "Delegate\Delegate.csproj", "{4DB31A98-1C95-465B-8122-FA3B45C502B3}"
EndProject
Project("{FAE04EC0-301F-11D3-BF4B-00C04F79EFBC}") = "Lambda", "Lambda\Lambda.csproj", "{B7588B16-B1AC-4FD4-8B96-CF83C4C6CE69}"
EndProject
Project("{FAE04EC0-301F-11D3-BF4B-00C04F79EFBC}") = "AP2TP_SP5", "AP2TP_SP5\AP2TP_SP5.csproj", "{52C5F8AF-EAD4-4958-AA0E-5BDB431F3F19}"
EndProject
Global
	GlobalSection(SolutionConfigurationPlatforms) = preSolution
		Debug|Any CPU = Debug|Any CPU
		Release|Any CPU = Release|Any CPU
	EndGlobalSection
	GlobalSection(ProjectConfigurationPlatforms) = postSolution
		{DE3617DA-3E26-4CC9-B602-F2F5A5140E81}.Debug|Any CPU.ActiveCfg = Debug|Any CPU
		{DE3617DA-3E26-4CC9-B602-F2F5A5140E81}.Debug|Any CPU.Build.0 = Debug|Any CPU
		{DE3617DA-3E26-4CC9-B602-F2F5A5140E81}.Release|Any CPU.ActiveCfg = Release|Any CPU
		{DE3617DA-3E26-4CC9-B602-F2F5A5140E81}.Release|Any CPU.Build.0 = Release|Any CPU
		{33DCEE49-2FBA-4FB9-9FDD-BDFB89985037}.Debug|Any CPU.ActiveCfg = Debug|Any CPU
		{33DCEE49-2FBA-4FB9-9FDD-BDFB89985037}.Debug|Any CPU.Build.0 = Debug|Any CPU
		{33DCEE49-2FBA-4FB9-9FDD-BDFB89985037}.Release|Any CPU.ActiveCfg = Release|Any CPU
		{33DCEE49-2FBA-4FB9-9FDD-BDFB89985037}.Release|Any CPU.Build.0 = Release|Any CPU
		{6348205E-DC32-4961-BAEA-9D519BDF2681}.Debug|Any CPU.ActiveCfg = Debug|Any CPU
		{6348205E-DC32-4961-BAEA-9D519BDF2681}.Debug|Any CPU.Build.0 = Debug|Any CPU
		{6348205E-DC32-4961-BAEA-9D519BDF2681}.Release|Any CPU.ActiveCfg = Release|Any CPU
		{6348205E-DC32-4961-BAEA-9D519BDF2681}.Release|Any CPU.Build.0 = Release|Any CPU
		{615D28A3-6E99-4059-BDD6-AE5A8140A8CF}.Debug|Any CPU.ActiveCfg = Debug|Any CPU
		{615D28A3-6E99-4059-BDD6-AE5A8140A8CF}.Debug|Any CPU.Build.0 = Debug|Any CPU
		{615D28A3-6E99-4059-BDD6-AE5A8140A8CF}.Release|Any CPU.ActiveCfg = Release|Any CPU
		{615D28A3-6E99-4059-BDD6-AE5A8140A8CF}.Release|Any CPU.Build.0 = Release|Any CPU
		{66837927-0BF4-48DD-9681-92708CDA7AB8}.Debug|Any CPU.ActiveCfg = Debug|Any CPU
		{66837927-0BF4-48DD-9681-92708CDA7AB8}.Debug|Any CPU.Build.0 = Debug|Any CPU
		{66837927-0BF4-48DD-9681-92708CDA7AB8}.Release|Any CPU.ActiveCfg = Release|Any CPU
		{66837927-0BF4-48DD-9681-92708CDA7AB8}.Release|Any CPU.Build.0 = Release|Any CPU
		{AE06EAFC-24BD-4BC2-B5A6-FBA742F510E1}.Debug|Any CPU.ActiveCfg = Debug|Any CPU
		{AE06EAFC-24BD-4BC2-B5A6-FBA742F510E1}.Debug|Any CPU.Build.0 = Debug|Any CPU
		{AE06EAFC-24BD-4BC2-B5A6-FBA742F510E1}.Release|Any CPU.ActiveCfg = Release|Any CPU
		{AE06EAFC-24BD-4BC2-B5A6-FBA742F510E1}.Release|Any CPU.Build.0 = Release|Any CPU
		{7CDD1253-56D3-4702-82B7-9A4E4B413850}.Debug|Any CPU.ActiveCfg = Debug|Any CPU
		{7CDD1253-56D3-4702-82B7-9A4E4B413850}.Debug|Any CPU.Build.0 = Debug|Any CPU
		{7CDD1253-56D3-4702-82B7-9A4E4B413850}.Release|Any CPU.ActiveCfg = Release|Any CPU
		{7CDD1253-56D3-4702-82B7-9A4E4B413850}.Release|Any CPU.Build.0 = Release|Any CPU
		{4DB31A98-1C95-465B-8122-FA3B45C502B3}.Debug|Any CPU.ActiveCfg = Debug|Any CPU
		{4DB31A98-1C95-465B-8122-FA3B45C502B3}.Debug|Any CPU.Build.0 = Debug|Any CPU
		{4DB31A98-1C95-465B-8122-FA3B45C502B3}.Release|Any CPU.ActiveCfg = Release|Any CPU
		{4DB31A98-1C95-465B-8122-FA3B45C502B3}.Release|Any CPU.Build.0 = Release|Any CPU
		{B7588B16-B1AC-4FD4-8B96-CF83C4C6CE69}.Debug|Any CPU.ActiveCfg = Debug|Any CPU
		{B7588B16-B1AC-4FD4-8B96-CF83C4C6CE69}.Debug|Any CPU.Build.0 = Debug|Any CPU
		{B7588B16-B1AC-4FD4-8B96-CF83C4C6CE69}.Release|Any CPU.ActiveCfg = Release|Any CPU
		{B7588B16-B1AC-4FD4-8B96-CF83C4C6CE69}.Release|Any CPU.Build.0 = Release|Any CPU
		{52C5F8AF-EAD4-4958-AA0E-5BDB431F3F19}.Debug|Any CPU.ActiveCfg = Debug|Any CPU
		{52C5F8AF-EAD4-4958-AA0E-5BDB431F3F19}.Debug|Any CPU.Build.0 = Debug|Any CPU
		{52C5F8AF-EAD4-4958-AA0E-5BDB431F3F19}.Release|Any CPU.ActiveCfg = Release|Any CPU
		{52C5F8AF-EAD4-4958-AA0E-5BDB431F3F19}.Release|Any CPU.Build.0 = Release|Any CPU
	EndGlobalSection
EndGlobal
